
Microsoft Visual Studio Solution File, Format Version 12.00
# Visual Studio Version 17
VisualStudioVersion = 17.0.32014.148
MinimumVisualStudioVersion = 10.0.40219.1
Project("{9A19103F-16F7-4668-BE54-9A1E7A4F7556}") = "TaskTracker", "TaskTracker\TaskTracker.csproj", "{45E38B5F-1953-4E47-A01C-24AEC17EB686}"
EndProject
Project("{9A19103F-16F7-4668-BE54-9A1E7A4F7556}") = "TaskTracker_BL", "TaskManager_BL\TaskTracker_BL.csproj", "{C06536BA-182A-4EB1-BFE5-35ABC1A7F951}"
EndProject
Project("{9A19103F-16F7-4668-BE54-9A1E7A4F7556}") = "TaskTracker_DAL", "TaskTracker_DAL\TaskTracker_DAL.csproj", "{FEBE6533-4197-412B-BE0D-105F9A3E0F37}"
EndProject
Project("{9A19103F-16F7-4668-BE54-9A1E7A4F7556}") = "TaskTracker.Core", "TaskTracker.Core\TaskTracker.Core.csproj", "{EE698FC0-2522-48B2-B237-761504F3EAE6}"
EndProject
Project("{FAE04EC0-301F-11D3-BF4B-00C04F79EFBC}") = "TaskTracker_BL_Tests", "TaskTracker_BL_Tests\TaskTracker_BL_Tests.csproj", "{2E4911B5-2D38-4BCB-A3F5-4C8283816766}"
EndProject
Global
	GlobalSection(SolutionConfigurationPlatforms) = preSolution
		Debug|Any CPU = Debug|Any CPU
		Release|Any CPU = Release|Any CPU
	EndGlobalSection
	GlobalSection(ProjectConfigurationPlatforms) = postSolution
		{45E38B5F-1953-4E47-A01C-24AEC17EB686}.Debug|Any CPU.ActiveCfg = Debug|Any CPU
		{45E38B5F-1953-4E47-A01C-24AEC17EB686}.Debug|Any CPU.Build.0 = Debug|Any CPU
		{45E38B5F-1953-4E47-A01C-24AEC17EB686}.Release|Any CPU.ActiveCfg = Release|Any CPU
		{45E38B5F-1953-4E47-A01C-24AEC17EB686}.Release|Any CPU.Build.0 = Release|Any CPU
		{C06536BA-182A-4EB1-BFE5-35ABC1A7F951}.Debug|Any CPU.ActiveCfg = Debug|Any CPU
		{C06536BA-182A-4EB1-BFE5-35ABC1A7F951}.Debug|Any CPU.Build.0 = Debug|Any CPU
		{C06536BA-182A-4EB1-BFE5-35ABC1A7F951}.Release|Any CPU.ActiveCfg = Release|Any CPU
		{C06536BA-182A-4EB1-BFE5-35ABC1A7F951}.Release|Any CPU.Build.0 = Release|Any CPU
		{FEBE6533-4197-412B-BE0D-105F9A3E0F37}.Debug|Any CPU.ActiveCfg = Debug|Any CPU
		{FEBE6533-4197-412B-BE0D-105F9A3E0F37}.Debug|Any CPU.Build.0 = Debug|Any CPU
		{FEBE6533-4197-412B-BE0D-105F9A3E0F37}.Release|Any CPU.ActiveCfg = Release|Any CPU
		{FEBE6533-4197-412B-BE0D-105F9A3E0F37}.Release|Any CPU.Build.0 = Release|Any CPU
		{EE698FC0-2522-48B2-B237-761504F3EAE6}.Debug|Any CPU.ActiveCfg = Debug|Any CPU
		{EE698FC0-2522-48B2-B237-761504F3EAE6}.Debug|Any CPU.Build.0 = Debug|Any CPU
		{EE698FC0-2522-48B2-B237-761504F3EAE6}.Release|Any CPU.ActiveCfg = Release|Any CPU
		{EE698FC0-2522-48B2-B237-761504F3EAE6}.Release|Any CPU.Build.0 = Release|Any CPU
		{2E4911B5-2D38-4BCB-A3F5-4C8283816766}.Debug|Any CPU.ActiveCfg = Debug|Any CPU
		{2E4911B5-2D38-4BCB-A3F5-4C8283816766}.Debug|Any CPU.Build.0 = Debug|Any CPU
		{2E4911B5-2D38-4BCB-A3F5-4C8283816766}.Release|Any CPU.ActiveCfg = Release|Any CPU
		{2E4911B5-2D38-4BCB-A3F5-4C8283816766}.Release|Any CPU.Build.0 = Release|Any CPU
	EndGlobalSection
	GlobalSection(SolutionProperties) = preSolution
		HideSolutionNode = FALSE
	EndGlobalSection
	GlobalSection(ExtensibilityGlobals) = postSolution
		SolutionGuid = {08E79EF9-5C51-4E8E-8C8E-3819A935ED3C}
	EndGlobalSection
EndGlobal
